
Microsoft Visual Studio Solution File, Format Version 12.00
# Visual Studio Version 17
VisualStudioVersion = 17.0.31903.59
MinimumVisualStudioVersion = 10.0.40219.1
Project("{2150E333-8FDC-42A3-9474-1A3956D46DE8}") = "src", "src", "{827E0CD3-B72D-47B6-A68D-7590B98EB39B}"
EndProject
Project("{FAE04EC0-301F-11D3-BF4B-00C04F79EFBC}") = "MDH.Shared", "src\MDH.Shared\MDH.Shared.csproj", "{05611999-62CF-4F96-AA7D-A25844BE85A1}"
EndProject
Project("{FAE04EC0-301F-11D3-BF4B-00C04F79EFBC}") = "MDH.IngestionService", "src\MDH.IngestionService\MDH.IngestionService.csproj", "{09823436-0987-43BD-941E-B993738EE162}"
EndProject
Project("{FAE04EC0-301F-11D3-BF4B-00C04F79EFBC}") = "MDH.OrchestrationService", "src\MDH.OrchestrationService\MDH.OrchestrationService.csproj", "{D747449F-7AE6-490C-B4D2-6460F8F9D41F}"
EndProject
Project("{FAE04EC0-301F-11D3-BF4B-00C04F79EFBC}") = "MDH.AnalyticsApi", "src\MDH.AnalyticsApi\MDH.AnalyticsApi.csproj", "{46977804-9B86-44D5-9FF5-8AABCB36F1B5}"
EndProject
Project("{FAE04EC0-301F-11D3-BF4B-00C04F79EFBC}") = "MDH.InsightsService", "src\MDH.InsightsService\MDH.InsightsService.csproj", "{697EA577-255A-4CC5-A964-A5489EFF4781}"
EndProject
Project("{FAE04EC0-301F-11D3-BF4B-00C04F79EFBC}") = "MDH.Shared.Tests", "tests\MDH.Shared.Tests\MDH.Shared.Tests.csproj", "{9CB52A21-2679-481F-A1CD-C2EA33D33399}"
EndProject
Project("{FAE04EC0-301F-11D3-BF4B-00C04F79EFBC}") = "MDH.AnalyticsApi.Tests", "tests\MDH.AnalyticsApi.Tests\MDH.AnalyticsApi.Tests.csproj", "{B802407B-99D5-47DF-A143-AF6F9002B04D}"
EndProject
Project("{FAE04EC0-301F-11D3-BF4B-00C04F79EFBC}") = "MDH.OrchestrationService.Tests", "tests\MDH.OrchestrationService.Tests\MDH.OrchestrationService.Tests.csproj", "{BF861A80-47F5-4D23-BCAC-D1D961042C72}"
EndProject
Global
	GlobalSection(SolutionConfigurationPlatforms) = preSolution
		Debug|Any CPU = Debug|Any CPU
		Debug|x64 = Debug|x64
		Debug|x86 = Debug|x86
		Release|Any CPU = Release|Any CPU
		Release|x64 = Release|x64
		Release|x86 = Release|x86
	EndGlobalSection
	GlobalSection(ProjectConfigurationPlatforms) = postSolution
		{05611999-62CF-4F96-AA7D-A25844BE85A1}.Debug|Any CPU.ActiveCfg = Debug|Any CPU
		{05611999-62CF-4F96-AA7D-A25844BE85A1}.Debug|Any CPU.Build.0 = Debug|Any CPU
		{05611999-62CF-4F96-AA7D-A25844BE85A1}.Debug|x64.ActiveCfg = Debug|Any CPU
		{05611999-62CF-4F96-AA7D-A25844BE85A1}.Debug|x64.Build.0 = Debug|Any CPU
		{05611999-62CF-4F96-AA7D-A25844BE85A1}.Debug|x86.ActiveCfg = Debug|Any CPU
		{05611999-62CF-4F96-AA7D-A25844BE85A1}.Debug|x86.Build.0 = Debug|Any CPU
		{05611999-62CF-4F96-AA7D-A25844BE85A1}.Release|Any CPU.ActiveCfg = Release|Any CPU
		{05611999-62CF-4F96-AA7D-A25844BE85A1}.Release|Any CPU.Build.0 = Release|Any CPU
		{05611999-62CF-4F96-AA7D-A25844BE85A1}.Release|x64.ActiveCfg = Release|Any CPU
		{05611999-62CF-4F96-AA7D-A25844BE85A1}.Release|x64.Build.0 = Release|Any CPU
		{05611999-62CF-4F96-AA7D-A25844BE85A1}.Release|x86.ActiveCfg = Release|Any CPU
		{05611999-62CF-4F96-AA7D-A25844BE85A1}.Release|x86.Build.0 = Release|Any CPU
		{09823436-0987-43BD-941E-B993738EE162}.Debug|Any CPU.ActiveCfg = Debug|Any CPU
		{09823436-0987-43BD-941E-B993738EE162}.Debug|Any CPU.Build.0 = Debug|Any CPU
		{09823436-0987-43BD-941E-B993738EE162}.Debug|x64.ActiveCfg = Debug|Any CPU
		{09823436-0987-43BD-941E-B993738EE162}.Debug|x64.Build.0 = Debug|Any CPU
		{09823436-0987-43BD-941E-B993738EE162}.Debug|x86.ActiveCfg = Debug|Any CPU
		{09823436-0987-43BD-941E-B993738EE162}.Debug|x86.Build.0 = Debug|Any CPU
		{09823436-0987-43BD-941E-B993738EE162}.Release|Any CPU.ActiveCfg = Release|Any CPU
		{09823436-0987-43BD-941E-B993738EE162}.Release|Any CPU.Build.0 = Release|Any CPU
		{09823436-0987-43BD-941E-B993738EE162}.Release|x64.ActiveCfg = Release|Any CPU
		{09823436-0987-43BD-941E-B993738EE162}.Release|x64.Build.0 = Release|Any CPU
		{09823436-0987-43BD-941E-B993738EE162}.Release|x86.ActiveCfg = Release|Any CPU
		{09823436-0987-43BD-941E-B993738EE162}.Release|x86.Build.0 = Release|Any CPU
		{D747449F-7AE6-490C-B4D2-6460F8F9D41F}.Debug|Any CPU.ActiveCfg = Debug|Any CPU
		{D747449F-7AE6-490C-B4D2-6460F8F9D41F}.Debug|Any CPU.Build.0 = Debug|Any CPU
		{D747449F-7AE6-490C-B4D2-6460F8F9D41F}.Debug|x64.ActiveCfg = Debug|Any CPU
		{D747449F-7AE6-490C-B4D2-6460F8F9D41F}.Debug|x64.Build.0 = Debug|Any CPU
		{D747449F-7AE6-490C-B4D2-6460F8F9D41F}.Debug|x86.ActiveCfg = Debug|Any CPU
		{D747449F-7AE6-490C-B4D2-6460F8F9D41F}.Debug|x86.Build.0 = Debug|Any CPU
		{D747449F-7AE6-490C-B4D2-6460F8F9D41F}.Release|Any CPU.ActiveCfg = Release|Any CPU
		{D747449F-7AE6-490C-B4D2-6460F8F9D41F}.Release|Any CPU.Build.0 = Release|Any CPU
		{D747449F-7AE6-490C-B4D2-6460F8F9D41F}.Release|x64.ActiveCfg = Release|Any CPU
		{D747449F-7AE6-490C-B4D2-6460F8F9D41F}.Release|x64.Build.0 = Release|Any CPU
		{D747449F-7AE6-490C-B4D2-6460F8F9D41F}.Release|x86.ActiveCfg = Release|Any CPU
		{D747449F-7AE6-490C-B4D2-6460F8F9D41F}.Release|x86.Build.0 = Release|Any CPU
		{46977804-9B86-44D5-9FF5-8AABCB36F1B5}.Debug|Any CPU.ActiveCfg = Debug|Any CPU
		{46977804-9B86-44D5-9FF5-8AABCB36F1B5}.Debug|Any CPU.Build.0 = Debug|Any CPU
		{46977804-9B86-44D5-9FF5-8AABCB36F1B5}.Debug|x64.ActiveCfg = Debug|Any CPU
		{46977804-9B86-44D5-9FF5-8AABCB36F1B5}.Debug|x64.Build.0 = Debug|Any CPU
		{46977804-9B86-44D5-9FF5-8AABCB36F1B5}.Debug|x86.ActiveCfg = Debug|Any CPU
		{46977804-9B86-44D5-9FF5-8AABCB36F1B5}.Debug|x86.Build.0 = Debug|Any CPU
		{46977804-9B86-44D5-9FF5-8AABCB36F1B5}.Release|Any CPU.ActiveCfg = Release|Any CPU
		{46977804-9B86-44D5-9FF5-8AABCB36F1B5}.Release|Any CPU.Build.0 = Release|Any CPU
		{46977804-9B86-44D5-9FF5-8AABCB36F1B5}.Release|x64.ActiveCfg = Release|Any CPU
		{46977804-9B86-44D5-9FF5-8AABCB36F1B5}.Release|x64.Build.0 = Release|Any CPU
		{46977804-9B86-44D5-9FF5-8AABCB36F1B5}.Release|x86.ActiveCfg = Release|Any CPU
		{46977804-9B86-44D5-9FF5-8AABCB36F1B5}.Release|x86.Build.0 = Release|Any CPU
		{697EA577-255A-4CC5-A964-A5489EFF4781}.Debug|Any CPU.ActiveCfg = Debug|Any CPU
		{697EA577-255A-4CC5-A964-A5489EFF4781}.Debug|Any CPU.Build.0 = Debug|Any CPU
		{697EA577-255A-4CC5-A964-A5489EFF4781}.Debug|x64.ActiveCfg = Debug|Any CPU
		{697EA577-255A-4CC5-A964-A5489EFF4781}.Debug|x64.Build.0 = Debug|Any CPU
		{697EA577-255A-4CC5-A964-A5489EFF4781}.Debug|x86.ActiveCfg = Debug|Any CPU
		{697EA577-255A-4CC5-A964-A5489EFF4781}.Debug|x86.Build.0 = Debug|Any CPU
		{697EA577-255A-4CC5-A964-A5489EFF4781}.Release|Any CPU.ActiveCfg = Release|Any CPU
		{697EA577-255A-4CC5-A964-A5489EFF4781}.Release|Any CPU.Build.0 = Release|Any CPU
		{697EA577-255A-4CC5-A964-A5489EFF4781}.Release|x64.ActiveCfg = Release|Any CPU
		{697EA577-255A-4CC5-A964-A5489EFF4781}.Release|x64.Build.0 = Release|Any CPU
		{697EA577-255A-4CC5-A964-A5489EFF4781}.Release|x86.ActiveCfg = Release|Any CPU
		{697EA577-255A-4CC5-A964-A5489EFF4781}.Release|x86.Build.0 = Release|Any CPU
		{9CB52A21-2679-481F-A1CD-C2EA33D33399}.Debug|Any CPU.ActiveCfg = Debug|Any CPU
		{9CB52A21-2679-481F-A1CD-C2EA33D33399}.Debug|Any CPU.Build.0 = Debug|Any CPU
		{9CB52A21-2679-481F-A1CD-C2EA33D33399}.Debug|x64.ActiveCfg = Debug|Any CPU
		{9CB52A21-2679-481F-A1CD-C2EA33D33399}.Debug|x64.Build.0 = Debug|Any CPU
		{9CB52A21-2679-481F-A1CD-C2EA33D33399}.Debug|x86.ActiveCfg = Debug|Any CPU
		{9CB52A21-2679-481F-A1CD-C2EA33D33399}.Debug|x86.Build.0 = Debug|Any CPU
		{9CB52A21-2679-481F-A1CD-C2EA33D33399}.Release|Any CPU.ActiveCfg = Release|Any CPU
		{9CB52A21-2679-481F-A1CD-C2EA33D33399}.Release|Any CPU.Build.0 = Release|Any CPU
		{9CB52A21-2679-481F-A1CD-C2EA33D33399}.Release|x64.ActiveCfg = Release|Any CPU
		{9CB52A21-2679-481F-A1CD-C2EA33D33399}.Release|x64.Build.0 = Release|Any CPU
		{9CB52A21-2679-481F-A1CD-C2EA33D33399}.Release|x86.ActiveCfg = Release|Any CPU
		{9CB52A21-2679-481F-A1CD-C2EA33D33399}.Release|x86.Build.0 = Release|Any CPU
		{B802407B-99D5-47DF-A143-AF6F9002B04D}.Debug|Any CPU.ActiveCfg = Debug|Any CPU
		{B802407B-99D5-47DF-A143-AF6F9002B04D}.Debug|Any CPU.Build.0 = Debug|Any CPU
		{B802407B-99D5-47DF-A143-AF6F9002B04D}.Debug|x64.ActiveCfg = Debug|Any CPU
		{B802407B-99D5-47DF-A143-AF6F9002B04D}.Debug|x64.Build.0 = Debug|Any CPU
		{B802407B-99D5-47DF-A143-AF6F9002B04D}.Debug|x86.ActiveCfg = Debug|Any CPU
		{B802407B-99D5-47DF-A143-AF6F9002B04D}.Debug|x86.Build.0 = Debug|Any CPU
		{B802407B-99D5-47DF-A143-AF6F9002B04D}.Release|Any CPU.ActiveCfg = Release|Any CPU
		{B802407B-99D5-47DF-A143-AF6F9002B04D}.Release|Any CPU.Build.0 = Release|Any CPU
		{B802407B-99D5-47DF-A143-AF6F9002B04D}.Release|x64.ActiveCfg = Release|Any CPU
		{B802407B-99D5-47DF-A143-AF6F9002B04D}.Release|x64.Build.0 = Release|Any CPU
		{B802407B-99D5-47DF-A143-AF6F9002B04D}.Release|x86.ActiveCfg = Release|Any CPU
		{B802407B-99D5-47DF-A143-AF6F9002B04D}.Release|x86.Build.0 = Release|Any CPU
		{BF861A80-47F5-4D23-BCAC-D1D961042C72}.Debug|Any CPU.ActiveCfg = Debug|Any CPU
		{BF861A80-47F5-4D23-BCAC-D1D961042C72}.Debug|Any CPU.Build.0 = Debug|Any CPU
		{BF861A80-47F5-4D23-BCAC-D1D961042C72}.Debug|x64.ActiveCfg = Debug|Any CPU
		{BF861A80-47F5-4D23-BCAC-D1D961042C72}.Debug|x64.Build.0 = Debug|Any CPU
		{BF861A80-47F5-4D23-BCAC-D1D961042C72}.Debug|x86.ActiveCfg = Debug|Any CPU
		{BF861A80-47F5-4D23-BCAC-D1D961042C72}.Debug|x86.Build.0 = Debug|Any CPU
		{BF861A80-47F5-4D23-BCAC-D1D961042C72}.Release|Any CPU.ActiveCfg = Release|Any CPU
		{BF861A80-47F5-4D23-BCAC-D1D961042C72}.Release|Any CPU.Build.0 = Release|Any CPU
		{BF861A80-47F5-4D23-BCAC-D1D961042C72}.Release|x64.ActiveCfg = Release|Any CPU
		{BF861A80-47F5-4D23-BCAC-D1D961042C72}.Release|x64.Build.0 = Release|Any CPU
		{BF861A80-47F5-4D23-BCAC-D1D961042C72}.Release|x86.ActiveCfg = Release|Any CPU
		{BF861A80-47F5-4D23-BCAC-D1D961042C72}.Release|x86.Build.0 = Release|Any CPU
	EndGlobalSection
	GlobalSection(SolutionProperties) = preSolution
		HideSolutionNode = FALSE
	EndGlobalSection
	GlobalSection(NestedProjects) = preSolution
		{05611999-62CF-4F96-AA7D-A25844BE85A1} = {827E0CD3-B72D-47B6-A68D-7590B98EB39B}
		{09823436-0987-43BD-941E-B993738EE162} = {827E0CD3-B72D-47B6-A68D-7590B98EB39B}
		{D747449F-7AE6-490C-B4D2-6460F8F9D41F} = {827E0CD3-B72D-47B6-A68D-7590B98EB39B}
		{46977804-9B86-44D5-9FF5-8AABCB36F1B5} = {827E0CD3-B72D-47B6-A68D-7590B98EB39B}
		{697EA577-255A-4CC5-A964-A5489EFF4781} = {827E0CD3-B72D-47B6-A68D-7590B98EB39B}
		{9CB52A21-2679-481F-A1CD-C2EA33D33399} = {827E0CD3-B72D-47B6-A68D-7590B98EB39B}
		{B802407B-99D5-47DF-A143-AF6F9002B04D} = {827E0CD3-B72D-47B6-A68D-7590B98EB39B}
		{BF861A80-47F5-4D23-BCAC-D1D961042C72} = {827E0CD3-B72D-47B6-A68D-7590B98EB39B}
	EndGlobalSection
EndGlobal
